{
  "version": 4,
  "terraform_version": "1.10.0",
  "serial": 26,
  "lineage": "3b0a33e3-ac3b-f605-6ffd-5a34feaa2728",
  "outputs": {},
  "resources": [
    {
      "mode": "managed",
      "type": "google_compute_address",
      "name": "static_ip",
      "provider": "provider[\"registry.terraform.io/hashicorp/google\"]",
      "instances": [
        {
          "schema_version": 0,
          "attributes": {
            "address": "35.224.90.61",
            "address_type": "EXTERNAL",
            "creation_timestamp": "2024-11-30T13:05:58.297-08:00",
            "description": "",
            "effective_labels": {
              "goog-terraform-provisioned": "true"
            },
            "id": "projects/store-management-system-443218/regions/us-central1/addresses/my-static-ip",
            "ip_version": "",
            "ipv6_endpoint_type": "",
            "label_fingerprint": "vezUS-42LLM=",
            "labels": {},
            "name": "my-static-ip",
            "network": "",
            "network_tier": "PREMIUM",
            "prefix_length": 0,
            "project": "store-management-system-443218",
            "purpose": "",
            "region": "us-central1",
            "self_link": "https://www.googleapis.com/compute/v1/projects/store-management-system-443218/regions/us-central1/addresses/my-static-ip",
            "subnetwork": "",
            "terraform_labels": {
              "goog-terraform-provisioned": "true"
            },
            "timeouts": null,
            "users": [
              "https://www.googleapis.com/compute/v1/projects/store-management-system-443218/zones/us-central1-a/instances/my-vm-instance"
            ]
          },
          "sensitive_attributes": [],
          "private": "eyJlMmJmYjczMC1lY2FhLTExZTYtOGY4OC0zNDM2M2JjN2M0YzAiOnsiY3JlYXRlIjoxMjAwMDAwMDAwMDAwLCJkZWxldGUiOjEyMDAwMDAwMDAwMDAsInVwZGF0ZSI6MTIwMDAwMDAwMDAwMH19"
        }
      ]
    },
    {
      "mode": "managed",
      "type": "google_compute_firewall",
      "name": "allow_http",
      "provider": "provider[\"registry.terraform.io/hashicorp/google\"]",
      "instances": [
        {
          "schema_version": 1,
          "attributes": {
            "allow": [
              {
                "ports": [
                  "80"
                ],
                "protocol": "tcp"
              }
            ],
            "creation_timestamp": "2024-11-30T13:05:15.639-08:00",
            "deny": [],
            "description": "",
            "destination_ranges": [],
            "direction": "INGRESS",
            "disabled": false,
            "enable_logging": null,
            "id": "projects/store-management-system-443218/global/firewalls/allow-http",
            "log_config": [],
            "name": "allow-http",
            "network": "https://www.googleapis.com/compute/v1/projects/store-management-system-443218/global/networks/my-vpc-network",
            "priority": 1000,
            "project": "store-management-system-443218",
            "self_link": "https://www.googleapis.com/compute/v1/projects/store-management-system-443218/global/firewalls/allow-http",
            "source_ranges": [
              "0.0.0.0/0"
            ],
            "source_service_accounts": [],
            "source_tags": [],
            "target_service_accounts": [],
            "target_tags": [
              "http-server"
            ],
            "timeouts": null
          },
          "sensitive_attributes": [],
          "private": "eyJlMmJmYjczMC1lY2FhLTExZTYtOGY4OC0zNDM2M2JjN2M0YzAiOnsiY3JlYXRlIjoxMjAwMDAwMDAwMDAwLCJkZWxldGUiOjEyMDAwMDAwMDAwMDAsInVwZGF0ZSI6MTIwMDAwMDAwMDAwMH0sInNjaGVtYV92ZXJzaW9uIjoiMSJ9",
          "dependencies": [
            "google_compute_network.vpc_network"
          ]
        }
      ]
    },
    {
      "mode": "managed",
      "type": "google_compute_firewall",
      "name": "allow_https",
      "provider": "provider[\"registry.terraform.io/hashicorp/google\"]",
      "instances": [
        {
          "schema_version": 1,
          "attributes": {
            "allow": [
              {
                "ports": [
                  "443"
                ],
                "protocol": "tcp"
              }
            ],
            "creation_timestamp": "2024-11-30T13:05:01.608-08:00",
            "deny": [],
            "description": "",
            "destination_ranges": [],
            "direction": "INGRESS",
            "disabled": false,
            "enable_logging": null,
            "id": "projects/store-management-system-443218/global/firewalls/allow-https",
            "log_config": [],
            "name": "allow-https",
            "network": "https://www.googleapis.com/compute/v1/projects/store-management-system-443218/global/networks/my-vpc-network",
            "priority": 1000,
            "project": "store-management-system-443218",
            "self_link": "https://www.googleapis.com/compute/v1/projects/store-management-system-443218/global/firewalls/allow-https",
            "source_ranges": [
              "0.0.0.0/0"
            ],
            "source_service_accounts": [],
            "source_tags": [],
            "target_service_accounts": [],
            "target_tags": [
              "https-server"
            ],
            "timeouts": null
          },
          "sensitive_attributes": [],
          "private": "eyJlMmJmYjczMC1lY2FhLTExZTYtOGY4OC0zNDM2M2JjN2M0YzAiOnsiY3JlYXRlIjoxMjAwMDAwMDAwMDAwLCJkZWxldGUiOjEyMDAwMDAwMDAwMDAsInVwZGF0ZSI6MTIwMDAwMDAwMDAwMH0sInNjaGVtYV92ZXJzaW9uIjoiMSJ9",
          "dependencies": [
            "google_compute_network.vpc_network"
          ]
        }
      ]
    },
    {
      "mode": "managed",
      "type": "google_compute_firewall",
      "name": "allow_ssh",
      "provider": "provider[\"registry.terraform.io/hashicorp/google\"]",
      "instances": [
        {
          "schema_version": 1,
          "attributes": {
            "allow": [
              {
                "ports": [
                  "22"
                ],
                "protocol": "tcp"
              }
            ],
            "creation_timestamp": "2024-11-30T13:05:02.058-08:00",
            "deny": [],
            "description": "",
            "destination_ranges": [],
            "direction": "INGRESS",
            "disabled": false,
            "enable_logging": null,
            "id": "projects/store-management-system-443218/global/firewalls/allow-ssh",
            "log_config": [],
            "name": "allow-ssh",
            "network": "https://www.googleapis.com/compute/v1/projects/store-management-system-443218/global/networks/my-vpc-network",
            "priority": 1000,
            "project": "store-management-system-443218",
            "self_link": "https://www.googleapis.com/compute/v1/projects/store-management-system-443218/global/firewalls/allow-ssh",
            "source_ranges": [
              "0.0.0.0/0"
            ],
            "source_service_accounts": [],
            "source_tags": [],
            "target_service_accounts": [],
            "target_tags": [
              "ssh-server"
            ],
            "timeouts": null
          },
          "sensitive_attributes": [],
          "private": "eyJlMmJmYjczMC1lY2FhLTExZTYtOGY4OC0zNDM2M2JjN2M0YzAiOnsiY3JlYXRlIjoxMjAwMDAwMDAwMDAwLCJkZWxldGUiOjEyMDAwMDAwMDAwMDAsInVwZGF0ZSI6MTIwMDAwMDAwMDAwMH0sInNjaGVtYV92ZXJzaW9uIjoiMSJ9",
          "dependencies": [
            "google_compute_network.vpc_network"
          ]
        }
      ]
    },
    {
      "mode": "managed",
      "type": "google_compute_instance",
      "name": "vm_instance",
      "provider": "provider[\"registry.terraform.io/hashicorp/google\"]",
      "instances": [
        {
          "schema_version": 6,
          "attributes": {
            "advanced_machine_features": [],
            "allow_stopping_for_update": null,
            "attached_disk": [],
            "boot_disk": [
              {
                "auto_delete": true,
                "device_name": "persistent-disk-0",
                "disk_encryption_key_raw": "",
                "disk_encryption_key_sha256": "",
                "initialize_params": [
                  {
                    "enable_confidential_compute": false,
                    "image": "https://www.googleapis.com/compute/v1/projects/debian-cloud/global/images/debian-11-bullseye-v20241112",
                    "labels": {},
                    "provisioned_iops": 0,
                    "provisioned_throughput": 0,
                    "resource_manager_tags": null,
                    "resource_policies": [],
                    "size": 10,
                    "storage_pool": "",
                    "type": "pd-standard"
                  }
                ],
                "interface": "",
                "kms_key_self_link": "",
                "mode": "READ_WRITE",
                "source": "https://www.googleapis.com/compute/v1/projects/store-management-system-443218/zones/us-central1-a/disks/my-vm-instance"
              }
            ],
            "can_ip_forward": false,
            "confidential_instance_config": [],
            "cpu_platform": "Intel Broadwell",
            "creation_timestamp": "2024-11-30T13:15:47.304-08:00",
            "current_status": "RUNNING",
            "deletion_protection": false,
            "description": "",
            "desired_status": null,
            "effective_labels": {
              "goog-terraform-provisioned": "true"
            },
            "enable_display": false,
            "guest_accelerator": [],
            "hostname": "",
            "id": "projects/store-management-system-443218/zones/us-central1-a/instances/my-vm-instance",
            "instance_id": "4835038885172362861",
            "key_revocation_action_type": "",
            "label_fingerprint": "vezUS-42LLM=",
            "labels": null,
            "machine_type": "e2-medium",
            "metadata": null,
            "metadata_fingerprint": "dTxNazA5oU8=",
            "metadata_startup_script": "    #!/bin/bash\n    apt-get update\n    apt-get install -y apache2\n    systemctl start apache2\n    systemctl enable apache2\n    echo \"\u003c!DOCTYPE html\u003e\n\u003chtml lang=\"en\"\u003e\n\u003chead\u003e\n  \u003cmeta charset=\"UTF-8\"\u003e\n  \u003cmeta name=\"viewport\" content=\"width=device-width, initial-scale=1.0\"\u003e\n  \u003cmeta http-equiv=\"X-UA-Compatible\" content=\"ie=edge\"\u003e\n  \u003ctitle\u003eTask 5: Infrastructure as Code (IaC)\u003c/title\u003e\n  \u003cstyle\u003e\n    body {\n      font-family: Arial, sans-serif;\n      margin: 0;\n      padding: 0;\n      background-color: #f4f4f4;\n    }\n    header {\n      background-color: #333;\n      color: #fff;\n      padding: 10px 0;\n      text-align: center;\n    }\n    header h1 {\n      margin: 0;\n    }\n    section {\n      padding: 20px;\n      text-align: center;\n    }\n    section h2 {\n      color: #333;\n    }\n    section p {\n      color: #666;\n      line-height: 1.5;\n    }\n    footer {\n      background-color: #333;\n      color: #fff;\n      padding: 10px 0;\n      text-align: center;\n      position: fixed;\n      width: 100%;\n      bottom: 0;\n    }\n  \u003c/style\u003e\n\u003c/head\u003e\n\u003cbody\u003e\n\n  \u003c!-- Header --\u003e\n  \u003cheader\u003e\n    \u003ch1\u003eTask 5: Infrastructure as Code (IaC)\u003c/h1\u003e\n  \u003c/header\u003e\n\n  \u003c!-- Main Content Section --\u003e\n  \u003csection\u003e\n    \u003ch2\u003eObjective\u003c/h2\u003e\n    \u003cp\u003e\n      This task involves using a tool of your choice to define and deploy cloud resources. The resources\n      to be created include:\n    \u003c/p\u003e\n    \u003cul\u003e\n      \u003cli\u003eVirtual machine instance\u003c/li\u003e\n      \u003cli\u003eNetworking components (e.g., VPC, subnets)\u003c/li\u003e\n      \u003cli\u003eAppropriate security configurations\u003c/li\u003e\n    \u003c/ul\u003e\n    \u003cp\u003e\n      The goal is to automate infrastructure provisioning using Infrastructure as Code (IaC) tools,\n      with a focus on DevOps and Cloud Engineering practices.\n    \u003c/p\u003e\n\n    \u003ch2\u003eEvaluation Criteria\u003c/h2\u003e\n    \u003cp\u003eThe following criteria will be used to evaluate the task:\u003c/p\u003e\n    \u003cul\u003e\n      \u003cli\u003eCorrect IaC script\u003c/li\u003e\n      \u003cli\u003eSuccessful resource deployment\u003c/li\u003e\n      \u003cli\u003eProper handling of dependencies and relationships\u003c/li\u003e\n    \u003c/ul\u003e\n  \u003c/section\u003e\n\n  \u003c!-- Footer --\u003e\n  \u003cfooter\u003e\n    \u003cp\u003e\u0026copy; 2024 Infrastructure as Code - DevOps and Cloud Engineering\u003c/p\u003e\n  \u003c/footer\u003e\n\n\u003c/body\u003e\n\u003c/html\u003e\n\" \u003e /var/www/html/index.html\n",
            "min_cpu_platform": "",
            "name": "my-vm-instance",
            "network_interface": [
              {
                "access_config": [
                  {
                    "nat_ip": "35.224.90.61",
                    "network_tier": "PREMIUM",
                    "public_ptr_domain_name": ""
                  }
                ],
                "alias_ip_range": [],
                "internal_ipv6_prefix_length": 0,
                "ipv6_access_config": [],
                "ipv6_access_type": "",
                "ipv6_address": "",
                "name": "nic0",
                "network": "https://www.googleapis.com/compute/v1/projects/store-management-system-443218/global/networks/my-vpc-network",
                "network_ip": "10.0.1.5",
                "nic_type": "",
                "queue_count": 0,
                "stack_type": "IPV4_ONLY",
                "subnetwork": "https://www.googleapis.com/compute/v1/projects/store-management-system-443218/regions/us-central1/subnetworks/my-subnet",
                "subnetwork_project": "store-management-system-443218"
              }
            ],
            "network_performance_config": [],
            "params": [],
            "project": "store-management-system-443218",
            "reservation_affinity": [],
            "resource_policies": null,
            "scheduling": [
              {
                "automatic_restart": true,
                "instance_termination_action": "",
                "local_ssd_recovery_timeout": [],
                "max_run_duration": [],
                "min_node_cpus": 0,
                "node_affinities": [],
                "on_host_maintenance": "MIGRATE",
                "on_instance_stop_action": [],
                "preemptible": false,
                "provisioning_model": "STANDARD"
              }
            ],
            "scratch_disk": [],
            "self_link": "https://www.googleapis.com/compute/v1/projects/store-management-system-443218/zones/us-central1-a/instances/my-vm-instance",
            "service_account": [],
            "shielded_instance_config": [
              {
                "enable_integrity_monitoring": true,
                "enable_secure_boot": false,
                "enable_vtpm": true
              }
            ],
            "tags": [
              "http-server",
              "https-server",
              "ssh-server"
            ],
            "tags_fingerprint": "nBrWn2vdQv8=",
            "terraform_labels": {
              "goog-terraform-provisioned": "true"
            },
            "timeouts": null,
            "zone": "us-central1-a"
          },
          "sensitive_attributes": [
            [
              {
                "type": "get_attr",
                "value": "boot_disk"
              },
              {
                "type": "index",
                "value": {
                  "value": 0,
                  "type": "number"
                }
              },
              {
                "type": "get_attr",
                "value": "disk_encryption_key_raw"
              }
            ]
          ],
          "private": "eyJlMmJmYjczMC1lY2FhLTExZTYtOGY4OC0zNDM2M2JjN2M0YzAiOnsiY3JlYXRlIjoxMjAwMDAwMDAwMDAwLCJkZWxldGUiOjEyMDAwMDAwMDAwMDAsInVwZGF0ZSI6MTIwMDAwMDAwMDAwMH0sInNjaGVtYV92ZXJzaW9uIjoiNiJ9",
          "dependencies": [
            "google_compute_address.static_ip",
            "google_compute_network.vpc_network",
            "google_compute_subnetwork.subnet"
          ]
        }
      ]
    },
    {
      "mode": "managed",
      "type": "google_compute_network",
      "name": "vpc_network",
      "provider": "provider[\"registry.terraform.io/hashicorp/google\"]",
      "instances": [
        {
          "schema_version": 0,
          "attributes": {
            "auto_create_subnetworks": false,
            "delete_default_routes_on_create": false,
            "description": "",
            "enable_ula_internal_ipv6": false,
            "gateway_ipv4": "",
            "id": "projects/store-management-system-443218/global/networks/my-vpc-network",
            "internal_ipv6_range": "",
            "mtu": 0,
            "name": "my-vpc-network",
            "network_firewall_policy_enforcement_order": "AFTER_CLASSIC_FIREWALL",
            "numeric_id": "269469828977709962",
            "project": "store-management-system-443218",
            "routing_mode": "REGIONAL",
            "self_link": "https://www.googleapis.com/compute/v1/projects/store-management-system-443218/global/networks/my-vpc-network",
            "timeouts": null
          },
          "sensitive_attributes": [],
          "private": "eyJlMmJmYjczMC1lY2FhLTExZTYtOGY4OC0zNDM2M2JjN2M0YzAiOnsiY3JlYXRlIjoxMjAwMDAwMDAwMDAwLCJkZWxldGUiOjEyMDAwMDAwMDAwMDAsInVwZGF0ZSI6MTIwMDAwMDAwMDAwMH19"
        }
      ]
    },
    {
      "mode": "managed",
      "type": "google_compute_subnetwork",
      "name": "subnet",
      "provider": "provider[\"registry.terraform.io/hashicorp/google\"]",
      "instances": [
        {
          "schema_version": 0,
          "attributes": {
            "creation_timestamp": "2024-11-30T11:54:37.773-08:00",
            "description": "",
            "external_ipv6_prefix": "",
            "fingerprint": null,
            "gateway_address": "10.0.1.1",
            "id": "projects/store-management-system-443218/regions/us-central1/subnetworks/my-subnet",
            "internal_ipv6_prefix": "",
            "ip_cidr_range": "10.0.1.0/24",
            "ipv6_access_type": "",
            "ipv6_cidr_range": "",
            "log_config": [],
            "name": "my-subnet",
            "network": "https://www.googleapis.com/compute/v1/projects/store-management-system-443218/global/networks/my-vpc-network",
            "private_ip_google_access": false,
            "private_ipv6_google_access": "DISABLE_GOOGLE_ACCESS",
            "project": "store-management-system-443218",
            "purpose": "PRIVATE",
            "region": "us-central1",
            "reserved_internal_range": "",
            "role": "",
            "secondary_ip_range": [],
            "self_link": "https://www.googleapis.com/compute/v1/projects/store-management-system-443218/regions/us-central1/subnetworks/my-subnet",
            "send_secondary_ip_range_if_empty": null,
            "stack_type": "IPV4_ONLY",
            "timeouts": null
          },
          "sensitive_attributes": [],
          "private": "eyJlMmJmYjczMC1lY2FhLTExZTYtOGY4OC0zNDM2M2JjN2M0YzAiOnsiY3JlYXRlIjoxMjAwMDAwMDAwMDAwLCJkZWxldGUiOjEyMDAwMDAwMDAwMDAsInVwZGF0ZSI6MTIwMDAwMDAwMDAwMH19",
          "dependencies": [
            "google_compute_network.vpc_network"
          ]
        }
      ]
    }
  ],
  "check_results": null
}
